{
  "requires": true,
  "lockfileVersion": 1,
  "dependencies": {
    "vue-truncate-filter": {
      "version": "1.1.7",
      "resolved": "https://registry.npmjs.org/vue-truncate-filter/-/vue-truncate-filter-1.1.7.tgz",
      "integrity": "sha512-kFmUDsDFIj5vArdK6hX84v80fTWJIMrsYF5keCluy9hMiaKGL8NyApnMbWavZeDod24YeYMVQ9jjd7MkRn3AAg=="
    }
  }
}
